
Microsoft Visual Studio Solution File, Format Version 12.00
# Visual Studio Version 17
VisualStudioVersion = 17.5.002.0
MinimumVisualStudioVersion = 10.0.40219.1
Project("{9A19103F-16F7-4668-BE54-9A1E7A4F7556}") = "StarCitizenUtilityApp", "StarCitizenUtilityApp.csproj", "{C28E25AE-68CB-406D-9096-DD9A561DD065}"
EndProject
Global
	GlobalSection(SolutionConfigurationPlatforms) = preSolution
		Debug|Any CPU = Debug|Any CPU
		Release|Any CPU = Release|Any CPU
	EndGlobalSection
	GlobalSection(ProjectConfigurationPlatforms) = postSolution
		{C28E25AE-68CB-406D-9096-DD9A561DD065}.Debug|Any CPU.ActiveCfg = Debug|Any CPU
		{C28E25AE-68CB-406D-9096-DD9A561DD065}.Debug|Any CPU.Build.0 = Debug|Any CPU
		{C28E25AE-68CB-406D-9096-DD9A561DD065}.Release|Any CPU.ActiveCfg = Release|Any CPU
		{C28E25AE-68CB-406D-9096-DD9A561DD065}.Release|Any CPU.Build.0 = Release|Any CPU
	EndGlobalSection
	GlobalSection(SolutionProperties) = preSolution
		HideSolutionNode = FALSE
	EndGlobalSection
	GlobalSection(ExtensibilityGlobals) = postSolution
		SolutionGuid = {59C6B8F3-AFAB-4219-A437-DA39D4CC783F}
	EndGlobalSection
EndGlobal
